
Microsoft Visual Studio Solution File, Format Version 12.00
# Visual Studio Version 16
VisualStudioVersion = 16.0.31702.278
MinimumVisualStudioVersion = 10.0.40219.1
Project("{8BC9CEB8-8B4A-11D0-8D11-00A0C91BC942}") = "Integration Project New", "Integration Project New.vcxproj", "{3E1AB3F4-91E9-4532-AEC7-30BD8101A4E9}"
EndProject
Global
	GlobalSection(SolutionConfigurationPlatforms) = preSolution
		Debug|x64 = Debug|x64
		Debug|x86 = Debug|x86
		Release|x64 = Release|x64
		Release|x86 = Release|x86
	EndGlobalSection
	GlobalSection(ProjectConfigurationPlatforms) = postSolution
		{3E1AB3F4-91E9-4532-AEC7-30BD8101A4E9}.Debug|x64.ActiveCfg = Debug|x64
		{3E1AB3F4-91E9-4532-AEC7-30BD8101A4E9}.Debug|x64.Build.0 = Debug|x64
		{3E1AB3F4-91E9-4532-AEC7-30BD8101A4E9}.Debug|x86.ActiveCfg = Debug|Win32
		{3E1AB3F4-91E9-4532-AEC7-30BD8101A4E9}.Debug|x86.Build.0 = Debug|Win32
		{3E1AB3F4-91E9-4532-AEC7-30BD8101A4E9}.Release|x64.ActiveCfg = Release|x64
		{3E1AB3F4-91E9-4532-AEC7-30BD8101A4E9}.Release|x64.Build.0 = Release|x64
		{3E1AB3F4-91E9-4532-AEC7-30BD8101A4E9}.Release|x86.ActiveCfg = Release|Win32
		{3E1AB3F4-91E9-4532-AEC7-30BD8101A4E9}.Release|x86.Build.0 = Release|Win32
	EndGlobalSection
	GlobalSection(SolutionProperties) = preSolution
		HideSolutionNode = FALSE
	EndGlobalSection
	GlobalSection(ExtensibilityGlobals) = postSolution
		SolutionGuid = {3747A0A0-1613-4B21-AAEA-1AC345C89170}
	EndGlobalSection
EndGlobal
